
Microsoft Visual Studio Solution File, Format Version 12.00
# Visual Studio Version 17
VisualStudioVersion = 17.0.32112.339
MinimumVisualStudioVersion = 10.0.40219.1
Project("{2150E333-8FDC-42A3-9474-1A3956D46DE8}") = "Services", "Services", "{76ABCE80-52A9-4229-9D7C-2273E482049F}"
EndProject
Project("{2150E333-8FDC-42A3-9474-1A3956D46DE8}") = "Catalog", "Catalog", "{61748FAA-79CB-41E6-AEFB-A9E07D525398}"
EndProject
Project("{9A19103F-16F7-4668-BE54-9A1E7A4F7556}") = "Catalog.API", "Services\Catalog\Catalog.API\Catalog.API.csproj", "{1E825599-0C65-417D-B577-A5C9321BCDFC}"
EndProject
Project("{E53339B2-1760-4266-BCC7-CA923CBCF16C}") = "docker-compose", "docker-compose.dcproj", "{A2632E20-01AC-4A72-B4EA-8A9377E501C1}"
EndProject
Global
	GlobalSection(SolutionConfigurationPlatforms) = preSolution
		Debug|Any CPU = Debug|Any CPU
		Release|Any CPU = Release|Any CPU
	EndGlobalSection
	GlobalSection(ProjectConfigurationPlatforms) = postSolution
		{1E825599-0C65-417D-B577-A5C9321BCDFC}.Debug|Any CPU.ActiveCfg = Debug|Any CPU
		{1E825599-0C65-417D-B577-A5C9321BCDFC}.Debug|Any CPU.Build.0 = Debug|Any CPU
		{1E825599-0C65-417D-B577-A5C9321BCDFC}.Release|Any CPU.ActiveCfg = Release|Any CPU
		{1E825599-0C65-417D-B577-A5C9321BCDFC}.Release|Any CPU.Build.0 = Release|Any CPU
		{A2632E20-01AC-4A72-B4EA-8A9377E501C1}.Debug|Any CPU.ActiveCfg = Debug|Any CPU
		{A2632E20-01AC-4A72-B4EA-8A9377E501C1}.Debug|Any CPU.Build.0 = Debug|Any CPU
		{A2632E20-01AC-4A72-B4EA-8A9377E501C1}.Release|Any CPU.ActiveCfg = Release|Any CPU
		{A2632E20-01AC-4A72-B4EA-8A9377E501C1}.Release|Any CPU.Build.0 = Release|Any CPU
	EndGlobalSection
	GlobalSection(SolutionProperties) = preSolution
		HideSolutionNode = FALSE
	EndGlobalSection
	GlobalSection(NestedProjects) = preSolution
		{61748FAA-79CB-41E6-AEFB-A9E07D525398} = {76ABCE80-52A9-4229-9D7C-2273E482049F}
		{1E825599-0C65-417D-B577-A5C9321BCDFC} = {61748FAA-79CB-41E6-AEFB-A9E07D525398}
	EndGlobalSection
	GlobalSection(ExtensibilityGlobals) = postSolution
		SolutionGuid = {2D0E916B-1771-4AC5-9C88-AEBE748821C7}
	EndGlobalSection
EndGlobal
